
Microsoft Visual Studio Solution File, Format Version 12.00
# Visual Studio 15
VisualStudioVersion = 15.0.27428.1
MinimumVisualStudioVersion = 10.0.40219.1
Project("{9A19103F-16F7-4668-BE54-9A1E7A4F7556}") = "sellout", "src\sellout.csproj", "{6304CFD7-8B29-49E7-A886-4FC337CA69CB}"
EndProject
Project("{9A19103F-16F7-4668-BE54-9A1E7A4F7556}") = "sellout-tests", "test\sellout-tests.csproj", "{0524F8A4-B262-499B-A1F4-60C6B569D03C}"
EndProject
Global
	GlobalSection(SolutionConfigurationPlatforms) = preSolution
		Debug|Any CPU = Debug|Any CPU
		Release|Any CPU = Release|Any CPU
	EndGlobalSection
	GlobalSection(ProjectConfigurationPlatforms) = postSolution
		{6304CFD7-8B29-49E7-A886-4FC337CA69CB}.Debug|Any CPU.ActiveCfg = Debug|Any CPU
		{6304CFD7-8B29-49E7-A886-4FC337CA69CB}.Debug|Any CPU.Build.0 = Debug|Any CPU
		{6304CFD7-8B29-49E7-A886-4FC337CA69CB}.Release|Any CPU.ActiveCfg = Release|Any CPU
		{6304CFD7-8B29-49E7-A886-4FC337CA69CB}.Release|Any CPU.Build.0 = Release|Any CPU
		{0524F8A4-B262-499B-A1F4-60C6B569D03C}.Debug|Any CPU.ActiveCfg = Debug|Any CPU
		{0524F8A4-B262-499B-A1F4-60C6B569D03C}.Debug|Any CPU.Build.0 = Debug|Any CPU
		{0524F8A4-B262-499B-A1F4-60C6B569D03C}.Release|Any CPU.ActiveCfg = Release|Any CPU
		{0524F8A4-B262-499B-A1F4-60C6B569D03C}.Release|Any CPU.Build.0 = Release|Any CPU
	EndGlobalSection
	GlobalSection(SolutionProperties) = preSolution
		HideSolutionNode = FALSE
	EndGlobalSection
	GlobalSection(ExtensibilityGlobals) = postSolution
		SolutionGuid = {79F9AD6E-DEAD-4E8F-B69E-827D893E9C0C}
	EndGlobalSection
EndGlobal
